
Microsoft Visual Studio Solution File, Format Version 12.00
# Visual Studio 15
VisualStudioVersion = 15.0.26430.12
MinimumVisualStudioVersion = 10.0.40219.1
Project("{FAE04EC0-301F-11D3-BF4B-00C04F79EFBC}") = "DoxPreviewExt", "DoxPreviewExt\DoxPreviewExt.csproj", "{074D8B6D-6D5C-4D94-9831-CDA9B549DAF3}"
EndProject
Project("{8BC9CEB8-8B4A-11D0-8D11-00A0C91BC942}") = "DocsMake", "DocsMake\DocsMake.vcxproj", "{CDB6EFEE-60E6-4F28-ACEC-09F4DB16802C}"
EndProject
Global
	GlobalSection(SolutionConfigurationPlatforms) = preSolution
		Debug|Any CPU = Debug|Any CPU
		Debug|x64 = Debug|x64
		Debug|x86 = Debug|x86
		Release|Any CPU = Release|Any CPU
		Release|x64 = Release|x64
		Release|x86 = Release|x86
	EndGlobalSection
	GlobalSection(ProjectConfigurationPlatforms) = postSolution
		{074D8B6D-6D5C-4D94-9831-CDA9B549DAF3}.Debug|Any CPU.ActiveCfg = Debug|Any CPU
		{074D8B6D-6D5C-4D94-9831-CDA9B549DAF3}.Debug|Any CPU.Build.0 = Debug|Any CPU
		{074D8B6D-6D5C-4D94-9831-CDA9B549DAF3}.Debug|x64.ActiveCfg = Debug|Any CPU
		{074D8B6D-6D5C-4D94-9831-CDA9B549DAF3}.Debug|x64.Build.0 = Debug|Any CPU
		{074D8B6D-6D5C-4D94-9831-CDA9B549DAF3}.Debug|x86.ActiveCfg = Debug|Any CPU
		{074D8B6D-6D5C-4D94-9831-CDA9B549DAF3}.Debug|x86.Build.0 = Debug|Any CPU
		{074D8B6D-6D5C-4D94-9831-CDA9B549DAF3}.Release|Any CPU.ActiveCfg = Release|Any CPU
		{074D8B6D-6D5C-4D94-9831-CDA9B549DAF3}.Release|Any CPU.Build.0 = Release|Any CPU
		{074D8B6D-6D5C-4D94-9831-CDA9B549DAF3}.Release|x64.ActiveCfg = Release|Any CPU
		{074D8B6D-6D5C-4D94-9831-CDA9B549DAF3}.Release|x64.Build.0 = Release|Any CPU
		{074D8B6D-6D5C-4D94-9831-CDA9B549DAF3}.Release|x86.ActiveCfg = Release|Any CPU
		{074D8B6D-6D5C-4D94-9831-CDA9B549DAF3}.Release|x86.Build.0 = Release|Any CPU
		{CDB6EFEE-60E6-4F28-ACEC-09F4DB16802C}.Debug|Any CPU.ActiveCfg = Debug|Win32
		{CDB6EFEE-60E6-4F28-ACEC-09F4DB16802C}.Debug|x64.ActiveCfg = Debug|x64
		{CDB6EFEE-60E6-4F28-ACEC-09F4DB16802C}.Debug|x64.Build.0 = Debug|x64
		{CDB6EFEE-60E6-4F28-ACEC-09F4DB16802C}.Debug|x86.ActiveCfg = Debug|Win32
		{CDB6EFEE-60E6-4F28-ACEC-09F4DB16802C}.Debug|x86.Build.0 = Debug|Win32
		{CDB6EFEE-60E6-4F28-ACEC-09F4DB16802C}.Release|Any CPU.ActiveCfg = Release|Win32
		{CDB6EFEE-60E6-4F28-ACEC-09F4DB16802C}.Release|x64.ActiveCfg = Release|x64
		{CDB6EFEE-60E6-4F28-ACEC-09F4DB16802C}.Release|x64.Build.0 = Release|x64
		{CDB6EFEE-60E6-4F28-ACEC-09F4DB16802C}.Release|x86.ActiveCfg = Release|Win32
		{CDB6EFEE-60E6-4F28-ACEC-09F4DB16802C}.Release|x86.Build.0 = Release|Win32
	EndGlobalSection
	GlobalSection(SolutionProperties) = preSolution
		HideSolutionNode = FALSE
	EndGlobalSection
EndGlobal
